// !$*UTF8*$!
{
	archiveVersion = 1;
	classes = {
	};
	objectVersion = 77;
	objects = {

/* Begin PBXBuildFile section */
		02B9CD9C1DF3B6BA973A9990 /* AddQuarkSheet.swift in Sources */ = {isa = PBXBuildFile; fileRef = 4F52A5E215D1AA8A63FAF55E /* AddQuarkSheet.swift */; };
		0704C81B1A11F4025B7C4A5B /* SharedPlaybackState.swift in Sources */ = {isa = PBXBuildFile; fileRef = 952E6CC48BF90A2F26651703 /* SharedPlaybackState.swift */; };
		0794204ACB859E1C4B60E78C /* LyricLine.swift in Sources */ = {isa = PBXBuildFile; fileRef = 9B60B67CE16AF86A1A750587 /* LyricLine.swift */; };
		0A09F5428D721E41A8BE4D56 /* IOSMiniPlayer.swift in Sources */ = {isa = PBXBuildFile; fileRef = 10DC0601B7129C34331E7789 /* IOSMiniPlayer.swift */; };
		0BC6F9ED20B7297BB7684350 /* SmartTitleParser.swift in Sources */ = {isa = PBXBuildFile; fileRef = 3B65BE8E1205E114ED9AC05A /* SmartTitleParser.swift */; };
		0E7784D54A2075840C319084 /* SourceManagerView.swift in Sources */ = {isa = PBXBuildFile; fileRef = F28175C042DD1D016C5C2CE7 /* SourceManagerView.swift */; };
		1664360AA7D647DB3F675F22 /* AIMetadataParser.swift in Sources */ = {isa = PBXBuildFile; fileRef = 807601AE83A6C418ACCFC34F /* AIMetadataParser.swift */; };
		16FCEAAD8BBEB96E13658A7E /* CoverArtView.swift in Sources */ = {isa = PBXBuildFile; fileRef = A5DF6E4AE93B5671EFB77AB9 /* CoverArtView.swift */; };
		195C5C5207794484FEE2FAE9 /* AISettingsView.swift in Sources */ = {isa = PBXBuildFile; fileRef = 4194232B75E0E3236E293417 /* AISettingsView.swift */; };
		1C16A04E65E1F9CD734BC562 /* IOSContentView.swift in Sources */ = {isa = PBXBuildFile; fileRef = C2233F18CC92165BB40159B5 /* IOSContentView.swift */; };
		26A0535FFCA6CE6E9E91DFC6 /* WebDAVXMLParser.swift in Sources */ = {isa = PBXBuildFile; fileRef = 729EDA727D7F90685BD0FB2B /* WebDAVXMLParser.swift */; };
		277DEECD6C57862053B3CC78 /* iTunesCoverScraper.swift in Sources */ = {isa = PBXBuildFile; fileRef = B7A7B8A579D4E2F7B9CA577D /* iTunesCoverScraper.swift */; };
		2DC599B97FBCBE148FD5B101 /* IOSMiniPlayer.swift in Sources */ = {isa = PBXBuildFile; fileRef = 10DC0601B7129C34331E7789 /* IOSMiniPlayer.swift */; };
		2F6636192143249321354736 /* NowPlayingManager.swift in Sources */ = {isa = PBXBuildFile; fileRef = D0362E6C9AA30B750805631E /* NowPlayingManager.swift */; };
		32CA3E592CA2F6B75D1EA4D4 /* Info-macOS.plist in Resources */ = {isa = PBXBuildFile; fileRef = D649BDE7D38A6474DDDED9F6 /* Info-macOS.plist */; };
		36135229A7927BCB764BCE31 /* AnimatedLyricsView.swift in Sources */ = {isa = PBXBuildFile; fileRef = 5FCC2B07B904861A63998F1B /* AnimatedLyricsView.swift */; };
		3922BA6519703D813AAE9830 /* LegacyCacheMigrator.swift in Sources */ = {isa = PBXBuildFile; fileRef = A849E3BD00DF58D87CA96A35 /* LegacyCacheMigrator.swift */; };
		3A1D51F9C1CD0326073FCD6D /* WebDAVClient.swift in Sources */ = {isa = PBXBuildFile; fileRef = 0AA2AE9D98E2124CD00143B9 /* WebDAVClient.swift */; };
		3B924C3E94F8E81E55E7E2C5 /* MacOSMenuBarExtra.swift in Sources */ = {isa = PBXBuildFile; fileRef = FA368C7F7BAEA6986A9E4F40 /* MacOSMenuBarExtra.swift */; };
		3D0733C95CF7B71D680D28AC /* QuarkDriveClient.swift in Sources */ = {isa = PBXBuildFile; fileRef = 547697EDE854F971C2CE282E /* QuarkDriveClient.swift */; };
		3E85C71133E64686C3088B5A /* Track.swift in Sources */ = {isa = PBXBuildFile; fileRef = 671479270EF0F712F701CDE4 /* Track.swift */; };
		457CEFB7C5CD949BEC0C117B /* TrackRowView.swift in Sources */ = {isa = PBXBuildFile; fileRef = DDE9CEF30348488144729117 /* TrackRowView.swift */; };
		472900C5A684888C2C00A922 /* NetEaseScraper.swift in Sources */ = {isa = PBXBuildFile; fileRef = 98F3923ABD38F427EF37E24F /* NetEaseScraper.swift */; };
		49AF0C2D0B146F14EA387A31 /* LocalAudioResourceLoader.swift in Sources */ = {isa = PBXBuildFile; fileRef = CB57B2554E3D5DB8C4C05F2E /* LocalAudioResourceLoader.swift */; };
		4EF212188CF69EFA96C8A6E1 /* KeychainService.swift in Sources */ = {isa = PBXBuildFile; fileRef = 257806382E36E639155E96BE /* KeychainService.swift */; };
		50CBF30DE8D0D2A24E0AB4C7 /* MacOSMenuBarExtra.swift in Sources */ = {isa = PBXBuildFile; fileRef = FA368C7F7BAEA6986A9E4F40 /* MacOSMenuBarExtra.swift */; };
		50F22AA48E0B1329DBF15ED8 /* QQMusicScraper.swift in Sources */ = {isa = PBXBuildFile; fileRef = D74106F40A6614825F36676C /* QQMusicScraper.swift */; };
		521C92A4DE7B5C608278D413 /* AddQuarkSheet.swift in Sources */ = {isa = PBXBuildFile; fileRef = 4F52A5E215D1AA8A63FAF55E /* AddQuarkSheet.swift */; };
		52B9A7EF5C68DDD5E5341BF4 /* ManualMatchSheet.swift in Sources */ = {isa = PBXBuildFile; fileRef = 9AA41D0B54D696F4D83BC8B2 /* ManualMatchSheet.swift */; };
		579E94E3B67A48FB5C05EFAE /* IOSNowPlayingSheet.swift in Sources */ = {isa = PBXBuildFile; fileRef = 291C399712865B35E1FC383B /* IOSNowPlayingSheet.swift */; };
		5A8AC5000EC1D517B8717EF0 /* Assets.xcassets in Resources */ = {isa = PBXBuildFile; fileRef = 17201DADAC858585E0C06B23 /* Assets.xcassets */; };
		5B750083C5CAB0F2C4DACF57 /* TrackRowView.swift in Sources */ = {isa = PBXBuildFile; fileRef = DDE9CEF30348488144729117 /* TrackRowView.swift */; };
		65E691D653B7EF3DED95559F /* MetadataEnricher.swift in Sources */ = {isa = PBXBuildFile; fileRef = 6B2D99D064384ABFFF9F22DB /* MetadataEnricher.swift */; };
		67024DEF86EA0BDF956511FC /* FluidBackgroundView.swift in Sources */ = {isa = PBXBuildFile; fileRef = 31CE2EB680D9800F9FBD8E06 /* FluidBackgroundView.swift */; };
		67C6995B908BE9AB45B04B5A /* WebDAVXMLParser.swift in Sources */ = {isa = PBXBuildFile; fileRef = 729EDA727D7F90685BD0FB2B /* WebDAVXMLParser.swift */; };
		6D4A1FA563DA399F4166D90A /* LRCLIBScraper.swift in Sources */ = {isa = PBXBuildFile; fileRef = AE49B31D53EEB0C0F526E4A9 /* LRCLIBScraper.swift */; };
		720E94DE2676465CBBC50158 /* MacOSContentView.swift in Sources */ = {isa = PBXBuildFile; fileRef = 29C2540918BF6D537084544B /* MacOSContentView.swift */; };
		739E5F55B9535757F6AA4B03 /* iTunesCoverScraper.swift in Sources */ = {isa = PBXBuildFile; fileRef = B7A7B8A579D4E2F7B9CA577D /* iTunesCoverScraper.swift */; };
		797C100003D567724F3F957A /* KeychainService.swift in Sources */ = {isa = PBXBuildFile; fileRef = 257806382E36E639155E96BE /* KeychainService.swift */; };
		8010D20C90F185D3B717A668 /* IOSNowPlayingSheet.swift in Sources */ = {isa = PBXBuildFile; fileRef = 291C399712865B35E1FC383B /* IOSNowPlayingSheet.swift */; };
		80C38C6860C0560C327B89E4 /* TingyuIntents.swift in Sources */ = {isa = PBXBuildFile; fileRef = 62FEA1D8A9D46E0C9A3B0799 /* TingyuIntents.swift */; };
		80F4154EEE571BA610FABDA1 /* Info-iOS.plist in Resources */ = {isa = PBXBuildFile; fileRef = C4891BA4A48D054B272FC338 /* Info-iOS.plist */; };
		8243F1E1D95D7779399A4516 /* QQMusicScraper.swift in Sources */ = {isa = PBXBuildFile; fileRef = D74106F40A6614825F36676C /* QQMusicScraper.swift */; };
		836BF3383FB48B04496F16CE /* LocalLibraryScanner.swift in Sources */ = {isa = PBXBuildFile; fileRef = F2BDD27522D56162D1F3A43C /* LocalLibraryScanner.swift */; };
		83B8223C29139815BF07DA8F /* AudioPlayerService.swift in Sources */ = {isa = PBXBuildFile; fileRef = A9C9AA34B202F3646789E58F /* AudioPlayerService.swift */; };
		87BEF3E7B0A6BCE723547086 /* QuarkDriveClient.swift in Sources */ = {isa = PBXBuildFile; fileRef = 547697EDE854F971C2CE282E /* QuarkDriveClient.swift */; };
		8816306788973BD4AE2BE5A3 /* LyricLine.swift in Sources */ = {isa = PBXBuildFile; fileRef = 9B60B67CE16AF86A1A750587 /* LyricLine.swift */; };
		8A041DC7A3A69D6F38090730 /* MacOSPlayerBar.swift in Sources */ = {isa = PBXBuildFile; fileRef = C1727C2E920B547CDAF0771F /* MacOSPlayerBar.swift */; };
		8B68F08BB76BB397126D5AED /* NowPlayingManager.swift in Sources */ = {isa = PBXBuildFile; fileRef = D0362E6C9AA30B750805631E /* NowPlayingManager.swift */; };
		8F4032AFAAAAC167B64F8FFC /* SharedPlaybackState.swift in Sources */ = {isa = PBXBuildFile; fileRef = 952E6CC48BF90A2F26651703 /* SharedPlaybackState.swift */; };
		9086F9DEF1A3F7563DF1B12F /* ChineseConverter.swift in Sources */ = {isa = PBXBuildFile; fileRef = BD0E1D5D2EA32AF4BD1FBAB2 /* ChineseConverter.swift */; };
		90ED0B10C2F2E655D7948EE7 /* LocalAudioResourceLoader.swift in Sources */ = {isa = PBXBuildFile; fileRef = CB57B2554E3D5DB8C4C05F2E /* LocalAudioResourceLoader.swift */; };
		970E0FA379C94B313BF6621E /* CoverArtView.swift in Sources */ = {isa = PBXBuildFile; fileRef = A5DF6E4AE93B5671EFB77AB9 /* CoverArtView.swift */; };
		98082C510C2CD81E27FB7C26 /* MacOSContentView.swift in Sources */ = {isa = PBXBuildFile; fileRef = 29C2540918BF6D537084544B /* MacOSContentView.swift */; };
		9882D8589AB3B359A4AE0ECF /* NetEaseScraper.swift in Sources */ = {isa = PBXBuildFile; fileRef = 98F3923ABD38F427EF37E24F /* NetEaseScraper.swift */; };
		9AE3B7AFE9EA95C49A3EE6E8 /* WebDAVClient.swift in Sources */ = {isa = PBXBuildFile; fileRef = 0AA2AE9D98E2124CD00143B9 /* WebDAVClient.swift */; };
		9B4CE2D054E43A5BB4AD4CA0 /* MetadataEnricher.swift in Sources */ = {isa = PBXBuildFile; fileRef = 6B2D99D064384ABFFF9F22DB /* MetadataEnricher.swift */; };
		9B8AFB27B33F3F8D718A35CE /* ManualMatchSheet.swift in Sources */ = {isa = PBXBuildFile; fileRef = 9AA41D0B54D696F4D83BC8B2 /* ManualMatchSheet.swift */; };
		A03BEB8CFB7079E7785EA92F /* AIService.swift in Sources */ = {isa = PBXBuildFile; fileRef = CA1EB879B24E7FC805C81403 /* AIService.swift */; };
		A0E7581DE2847C1D7BC19308 /* TingyuIntents.swift in Sources */ = {isa = PBXBuildFile; fileRef = 62FEA1D8A9D46E0C9A3B0799 /* TingyuIntents.swift */; };
		A2A7AD4B35B3395E0F9AAC71 /* LocalLibraryScanner.swift in Sources */ = {isa = PBXBuildFile; fileRef = F2BDD27522D56162D1F3A43C /* LocalLibraryScanner.swift */; };
		A3D97C75A48488C57B10A723 /* QuarkCookieStore.swift in Sources */ = {isa = PBXBuildFile; fileRef = A6A6B81878D6E6B5BC9064FA /* QuarkCookieStore.swift */; };
		A709F5BAEF47DCCB41883769 /* StreamingResourceLoader.swift in Sources */ = {isa = PBXBuildFile; fileRef = C7845E18698C08AA9F17E88C /* StreamingResourceLoader.swift */; };
		A89EE582A54DA8B08BFC17EA /* Playlist.swift in Sources */ = {isa = PBXBuildFile; fileRef = BCF3FA6DF360978A352145D4 /* Playlist.swift */; };
		ADF6B683F1DFFDA5422B9AD0 /* AISettingsView.swift in Sources */ = {isa = PBXBuildFile; fileRef = 4194232B75E0E3236E293417 /* AISettingsView.swift */; };
		B1D16125A93EFCB847F24022 /* MusicSource.swift in Sources */ = {isa = PBXBuildFile; fileRef = F0CC12F62478CD62B17C6600 /* MusicSource.swift */; };
		B36483BD84FC17DDACD4C683 /* AIService.swift in Sources */ = {isa = PBXBuildFile; fileRef = CA1EB879B24E7FC805C81403 /* AIService.swift */; };
		B570F103C656F37E75206165 /* LRCLIBScraper.swift in Sources */ = {isa = PBXBuildFile; fileRef = AE49B31D53EEB0C0F526E4A9 /* LRCLIBScraper.swift */; };
		B900C095425DB2C51D74D10A /* TingyuWidget.swift in Sources */ = {isa = PBXBuildFile; fileRef = B84D134247DEAEE01169B50D /* TingyuWidget.swift */; };
		BE2FE866A074FD37D895C5F6 /* IOSContentView.swift in Sources */ = {isa = PBXBuildFile; fileRef = C2233F18CC92165BB40159B5 /* IOSContentView.swift */; };
		BE612508BE58BC4CD500E457 /* PlaybackControls.swift in Sources */ = {isa = PBXBuildFile; fileRef = 0693F7FE6BEA9E62D97409AE /* PlaybackControls.swift */; };
		C260312516B48CBF81F6E556 /* AudioPlayerService.swift in Sources */ = {isa = PBXBuildFile; fileRef = A9C9AA34B202F3646789E58F /* AudioPlayerService.swift */; };
		C2A58E0C920B0ABACF29BBA7 /* TingyuApp.swift in Sources */ = {isa = PBXBuildFile; fileRef = F17ABD7D0B1E00371B83AF19 /* TingyuApp.swift */; };
		C52D64C33FA52A9EED582035 /* ChineseConverter.swift in Sources */ = {isa = PBXBuildFile; fileRef = BD0E1D5D2EA32AF4BD1FBAB2 /* ChineseConverter.swift */; };
		C720CC6E5A7D2ACCC57A7729 /* LegacyCacheMigrator.swift in Sources */ = {isa = PBXBuildFile; fileRef = A849E3BD00DF58D87CA96A35 /* LegacyCacheMigrator.swift */; };
		CCD0800678CB7E7BBD912B6E /* AIMetadataParser.swift in Sources */ = {isa = PBXBuildFile; fileRef = 807601AE83A6C418ACCFC34F /* AIMetadataParser.swift */; };
		D20A32F04F19234CCAE51CD4 /* TingyuWidget.swift in Sources */ = {isa = PBXBuildFile; fileRef = B84D134247DEAEE01169B50D /* TingyuWidget.swift */; };
		D2EF4DCB654B6410C4716CCF /* Playlist.swift in Sources */ = {isa = PBXBuildFile; fileRef = BCF3FA6DF360978A352145D4 /* Playlist.swift */; };
		D8E20A06C01E870DE164D37E /* Assets.xcassets in Resources */ = {isa = PBXBuildFile; fileRef = 17201DADAC858585E0C06B23 /* Assets.xcassets */; };
		E0F666BD9DF420215813B579 /* PlaybackControls.swift in Sources */ = {isa = PBXBuildFile; fileRef = 0693F7FE6BEA9E62D97409AE /* PlaybackControls.swift */; };
		EBDDFC6677359DB20BF4F7B9 /* FluidBackgroundView.swift in Sources */ = {isa = PBXBuildFile; fileRef = 31CE2EB680D9800F9FBD8E06 /* FluidBackgroundView.swift */; };
		EBE085FDAB6FA73EE5DD5AD0 /* SourceManagerView.swift in Sources */ = {isa = PBXBuildFile; fileRef = F28175C042DD1D016C5C2CE7 /* SourceManagerView.swift */; };
		ED52184AFB6DC4221EF1F280 /* MacOSPlayerBar.swift in Sources */ = {isa = PBXBuildFile; fileRef = C1727C2E920B547CDAF0771F /* MacOSPlayerBar.swift */; };
		EEB8431189F9892F80C347F0 /* CloudSyncManager.swift in Sources */ = {isa = PBXBuildFile; fileRef = 9CFE3F1F5822FA2E71D9325E /* CloudSyncManager.swift */; };
		F21CB7C3D079718794B1F2C6 /* SmartTitleParser.swift in Sources */ = {isa = PBXBuildFile; fileRef = 3B65BE8E1205E114ED9AC05A /* SmartTitleParser.swift */; };
		F23BA7FE517CBA93CE29EBA1 /* QuarkCookieStore.swift in Sources */ = {isa = PBXBuildFile; fileRef = A6A6B81878D6E6B5BC9064FA /* QuarkCookieStore.swift */; };
		F486206245BABFA26B1F3FD1 /* AnimatedLyricsView.swift in Sources */ = {isa = PBXBuildFile; fileRef = 5FCC2B07B904861A63998F1B /* AnimatedLyricsView.swift */; };
		F53B00E3AAE2AC733302D0C9 /* TingyuApp.swift in Sources */ = {isa = PBXBuildFile; fileRef = F17ABD7D0B1E00371B83AF19 /* TingyuApp.swift */; };
		F645CDA069C363BC194C9C9C /* MusicSource.swift in Sources */ = {isa = PBXBuildFile; fileRef = F0CC12F62478CD62B17C6600 /* MusicSource.swift */; };
		F6EF2DCA822D29449A07A029 /* StreamingResourceLoader.swift in Sources */ = {isa = PBXBuildFile; fileRef = C7845E18698C08AA9F17E88C /* StreamingResourceLoader.swift */; };
		FC143454F3712542C2F222BF /* Track.swift in Sources */ = {isa = PBXBuildFile; fileRef = 671479270EF0F712F701CDE4 /* Track.swift */; };
		FC52AE3F118F663B5CD5B9A7 /* CloudSyncManager.swift in Sources */ = {isa = PBXBuildFile; fileRef = 9CFE3F1F5822FA2E71D9325E /* CloudSyncManager.swift */; };
/* End PBXBuildFile section */

/* Begin PBXFileReference section */
		0693F7FE6BEA9E62D97409AE /* PlaybackControls.swift */ = {isa = PBXFileReference; lastKnownFileType = sourcecode.swift; path = PlaybackControls.swift; sourceTree = "<group>"; };
		090D151823704ED19E6C1E3C /* Tingyu-macOS.app */ = {isa = PBXFileReference; explicitFileType = wrapper.application; includeInIndex = 0; path = "Tingyu-macOS.app"; sourceTree = BUILT_PRODUCTS_DIR; };
		0AA2AE9D98E2124CD00143B9 /* WebDAVClient.swift */ = {isa = PBXFileReference; lastKnownFileType = sourcecode.swift; path = WebDAVClient.swift; sourceTree = "<group>"; };
		10DC0601B7129C34331E7789 /* IOSMiniPlayer.swift */ = {isa = PBXFileReference; lastKnownFileType = sourcecode.swift; path = IOSMiniPlayer.swift; sourceTree = "<group>"; };
		17201DADAC858585E0C06B23 /* Assets.xcassets */ = {isa = PBXFileReference; lastKnownFileType = folder.assetcatalog; path = Assets.xcassets; sourceTree = "<group>"; };
		1E2C89D68D9225014821F30E /* Tingyu-macOS.entitlements */ = {isa = PBXFileReference; lastKnownFileType = text.plist.entitlements; path = "Tingyu-macOS.entitlements"; sourceTree = "<group>"; };
		257806382E36E639155E96BE /* KeychainService.swift */ = {isa = PBXFileReference; lastKnownFileType = sourcecode.swift; path = KeychainService.swift; sourceTree = "<group>"; };
		291C399712865B35E1FC383B /* IOSNowPlayingSheet.swift */ = {isa = PBXFileReference; lastKnownFileType = sourcecode.swift; path = IOSNowPlayingSheet.swift; sourceTree = "<group>"; };
		29C2540918BF6D537084544B /* MacOSContentView.swift */ = {isa = PBXFileReference; lastKnownFileType = sourcecode.swift; path = MacOSContentView.swift; sourceTree = "<group>"; };
		31CE2EB680D9800F9FBD8E06 /* FluidBackgroundView.swift */ = {isa = PBXFileReference; lastKnownFileType = sourcecode.swift; path = FluidBackgroundView.swift; sourceTree = "<group>"; };
		3B612441236E138249AB98F1 /* Tingyu-iOS.entitlements */ = {isa = PBXFileReference; lastKnownFileType = text.plist.entitlements; path = "Tingyu-iOS.entitlements"; sourceTree = "<group>"; };
		3B65BE8E1205E114ED9AC05A /* SmartTitleParser.swift */ = {isa = PBXFileReference; lastKnownFileType = sourcecode.swift; path = SmartTitleParser.swift; sourceTree = "<group>"; };
		4194232B75E0E3236E293417 /* AISettingsView.swift */ = {isa = PBXFileReference; lastKnownFileType = sourcecode.swift; path = AISettingsView.swift; sourceTree = "<group>"; };
		4F52A5E215D1AA8A63FAF55E /* AddQuarkSheet.swift */ = {isa = PBXFileReference; lastKnownFileType = sourcecode.swift; path = AddQuarkSheet.swift; sourceTree = "<group>"; };
		547697EDE854F971C2CE282E /* QuarkDriveClient.swift */ = {isa = PBXFileReference; lastKnownFileType = sourcecode.swift; path = QuarkDriveClient.swift; sourceTree = "<group>"; };
		5FCC2B07B904861A63998F1B /* AnimatedLyricsView.swift */ = {isa = PBXFileReference; lastKnownFileType = sourcecode.swift; path = AnimatedLyricsView.swift; sourceTree = "<group>"; };
		62FEA1D8A9D46E0C9A3B0799 /* TingyuIntents.swift */ = {isa = PBXFileReference; lastKnownFileType = sourcecode.swift; path = TingyuIntents.swift; sourceTree = "<group>"; };
		671479270EF0F712F701CDE4 /* Track.swift */ = {isa = PBXFileReference; lastKnownFileType = sourcecode.swift; path = Track.swift; sourceTree = "<group>"; };
		6B2D99D064384ABFFF9F22DB /* MetadataEnricher.swift */ = {isa = PBXFileReference; lastKnownFileType = sourcecode.swift; path = MetadataEnricher.swift; sourceTree = "<group>"; };
		729EDA727D7F90685BD0FB2B /* WebDAVXMLParser.swift */ = {isa = PBXFileReference; lastKnownFileType = sourcecode.swift; path = WebDAVXMLParser.swift; sourceTree = "<group>"; };
		807601AE83A6C418ACCFC34F /* AIMetadataParser.swift */ = {isa = PBXFileReference; lastKnownFileType = sourcecode.swift; path = AIMetadataParser.swift; sourceTree = "<group>"; };
		952E6CC48BF90A2F26651703 /* SharedPlaybackState.swift */ = {isa = PBXFileReference; lastKnownFileType = sourcecode.swift; path = SharedPlaybackState.swift; sourceTree = "<group>"; };
		98F3923ABD38F427EF37E24F /* NetEaseScraper.swift */ = {isa = PBXFileReference; lastKnownFileType = sourcecode.swift; path = NetEaseScraper.swift; sourceTree = "<group>"; };
		9AA41D0B54D696F4D83BC8B2 /* ManualMatchSheet.swift */ = {isa = PBXFileReference; lastKnownFileType = sourcecode.swift; path = ManualMatchSheet.swift; sourceTree = "<group>"; };
		9B60B67CE16AF86A1A750587 /* LyricLine.swift */ = {isa = PBXFileReference; lastKnownFileType = sourcecode.swift; path = LyricLine.swift; sourceTree = "<group>"; };
		9CFE3F1F5822FA2E71D9325E /* CloudSyncManager.swift */ = {isa = PBXFileReference; lastKnownFileType = sourcecode.swift; path = CloudSyncManager.swift; sourceTree = "<group>"; };
		A5DF6E4AE93B5671EFB77AB9 /* CoverArtView.swift */ = {isa = PBXFileReference; lastKnownFileType = sourcecode.swift; path = CoverArtView.swift; sourceTree = "<group>"; };
		A6A6B81878D6E6B5BC9064FA /* QuarkCookieStore.swift */ = {isa = PBXFileReference; lastKnownFileType = sourcecode.swift; path = QuarkCookieStore.swift; sourceTree = "<group>"; };
		A849E3BD00DF58D87CA96A35 /* LegacyCacheMigrator.swift */ = {isa = PBXFileReference; lastKnownFileType = sourcecode.swift; path = LegacyCacheMigrator.swift; sourceTree = "<group>"; };
		A9C9AA34B202F3646789E58F /* AudioPlayerService.swift */ = {isa = PBXFileReference; lastKnownFileType = sourcecode.swift; path = AudioPlayerService.swift; sourceTree = "<group>"; };
		AE49B31D53EEB0C0F526E4A9 /* LRCLIBScraper.swift */ = {isa = PBXFileReference; lastKnownFileType = sourcecode.swift; path = LRCLIBScraper.swift; sourceTree = "<group>"; };
		B7A7B8A579D4E2F7B9CA577D /* iTunesCoverScraper.swift */ = {isa = PBXFileReference; lastKnownFileType = sourcecode.swift; path = iTunesCoverScraper.swift; sourceTree = "<group>"; };
		B84D134247DEAEE01169B50D /* TingyuWidget.swift */ = {isa = PBXFileReference; lastKnownFileType = sourcecode.swift; path = TingyuWidget.swift; sourceTree = "<group>"; };
		BCF3FA6DF360978A352145D4 /* Playlist.swift */ = {isa = PBXFileReference; lastKnownFileType = sourcecode.swift; path = Playlist.swift; sourceTree = "<group>"; };
		BD0E1D5D2EA32AF4BD1FBAB2 /* ChineseConverter.swift */ = {isa = PBXFileReference; lastKnownFileType = sourcecode.swift; path = ChineseConverter.swift; sourceTree = "<group>"; };
		C1727C2E920B547CDAF0771F /* MacOSPlayerBar.swift */ = {isa = PBXFileReference; lastKnownFileType = sourcecode.swift; path = MacOSPlayerBar.swift; sourceTree = "<group>"; };
		C2233F18CC92165BB40159B5 /* IOSContentView.swift */ = {isa = PBXFileReference; lastKnownFileType = sourcecode.swift; path = IOSContentView.swift; sourceTree = "<group>"; };
		C4891BA4A48D054B272FC338 /* Info-iOS.plist */ = {isa = PBXFileReference; lastKnownFileType = text.plist; path = "Info-iOS.plist"; sourceTree = "<group>"; };
		C7845E18698C08AA9F17E88C /* StreamingResourceLoader.swift */ = {isa = PBXFileReference; lastKnownFileType = sourcecode.swift; path = StreamingResourceLoader.swift; sourceTree = "<group>"; };
		CA1EB879B24E7FC805C81403 /* AIService.swift */ = {isa = PBXFileReference; lastKnownFileType = sourcecode.swift; path = AIService.swift; sourceTree = "<group>"; };
		CB57B2554E3D5DB8C4C05F2E /* LocalAudioResourceLoader.swift */ = {isa = PBXFileReference; lastKnownFileType = sourcecode.swift; path = LocalAudioResourceLoader.swift; sourceTree = "<group>"; };
		CC40680A0760214B03BFDCFE /* Tingyu-iOS.app */ = {isa = PBXFileReference; includeInIndex = 0; lastKnownFileType = wrapper.application; path = "Tingyu-iOS.app"; sourceTree = BUILT_PRODUCTS_DIR; };
		D0362E6C9AA30B750805631E /* NowPlayingManager.swift */ = {isa = PBXFileReference; lastKnownFileType = sourcecode.swift; path = NowPlayingManager.swift; sourceTree = "<group>"; };
		D649BDE7D38A6474DDDED9F6 /* Info-macOS.plist */ = {isa = PBXFileReference; lastKnownFileType = text.plist; path = "Info-macOS.plist"; sourceTree = "<group>"; };
		D74106F40A6614825F36676C /* QQMusicScraper.swift */ = {isa = PBXFileReference; lastKnownFileType = sourcecode.swift; path = QQMusicScraper.swift; sourceTree = "<group>"; };
		DDE9CEF30348488144729117 /* TrackRowView.swift */ = {isa = PBXFileReference; lastKnownFileType = sourcecode.swift; path = TrackRowView.swift; sourceTree = "<group>"; };
		F0CC12F62478CD62B17C6600 /* MusicSource.swift */ = {isa = PBXFileReference; lastKnownFileType = sourcecode.swift; path = MusicSource.swift; sourceTree = "<group>"; };
		F17ABD7D0B1E00371B83AF19 /* TingyuApp.swift */ = {isa = PBXFileReference; lastKnownFileType = sourcecode.swift; path = TingyuApp.swift; sourceTree = "<group>"; };
		F28175C042DD1D016C5C2CE7 /* SourceManagerView.swift */ = {isa = PBXFileReference; lastKnownFileType = sourcecode.swift; path = SourceManagerView.swift; sourceTree = "<group>"; };
		F2BDD27522D56162D1F3A43C /* LocalLibraryScanner.swift */ = {isa = PBXFileReference; lastKnownFileType = sourcecode.swift; path = LocalLibraryScanner.swift; sourceTree = "<group>"; };
		FA368C7F7BAEA6986A9E4F40 /* MacOSMenuBarExtra.swift */ = {isa = PBXFileReference; lastKnownFileType = sourcecode.swift; path = MacOSMenuBarExtra.swift; sourceTree = "<group>"; };
/* End PBXFileReference section */

/* Begin PBXGroup section */
		0A919989EB0F4B70B7DDC5B5 /* Products */ = {
			isa = PBXGroup;
			children = (
				CC40680A0760214B03BFDCFE /* Tingyu-iOS.app */,
				090D151823704ED19E6C1E3C /* Tingyu-macOS.app */,
			);
			name = Products;
			sourceTree = "<group>";
		};
		102AEE84892C162C436D9A5E /* Models */ = {
			isa = PBXGroup;
			children = (
				9B60B67CE16AF86A1A750587 /* LyricLine.swift */,
				F0CC12F62478CD62B17C6600 /* MusicSource.swift */,
				BCF3FA6DF360978A352145D4 /* Playlist.swift */,
				671479270EF0F712F701CDE4 /* Track.swift */,
			);
			path = Models;
			sourceTree = "<group>";
		};
		17A6994FA0C61E3B4E13F75C /* macOS */ = {
			isa = PBXGroup;
			children = (
				29C2540918BF6D537084544B /* MacOSContentView.swift */,
				FA368C7F7BAEA6986A9E4F40 /* MacOSMenuBarExtra.swift */,
				C1727C2E920B547CDAF0771F /* MacOSPlayerBar.swift */,
			);
			path = macOS;
			sourceTree = "<group>";
		};
		306ED6EC7E841EBC1D0EAAC6 /* Security */ = {
			isa = PBXGroup;
			children = (
				257806382E36E639155E96BE /* KeychainService.swift */,
			);
			path = Security;
			sourceTree = "<group>";
		};
		3FD2E43604A8A9BDFAD0D182 = {
			isa = PBXGroup;
			children = (
				B24E021841DF15EE196BC641 /* Sources */,
				0A919989EB0F4B70B7DDC5B5 /* Products */,
			);
			sourceTree = "<group>";
		};
		59D0D2E92A59E271B46E22FE /* Shared */ = {
			isa = PBXGroup;
			children = (
				4F52A5E215D1AA8A63FAF55E /* AddQuarkSheet.swift */,
				4194232B75E0E3236E293417 /* AISettingsView.swift */,
				5FCC2B07B904861A63998F1B /* AnimatedLyricsView.swift */,
				A5DF6E4AE93B5671EFB77AB9 /* CoverArtView.swift */,
				31CE2EB680D9800F9FBD8E06 /* FluidBackgroundView.swift */,
				9AA41D0B54D696F4D83BC8B2 /* ManualMatchSheet.swift */,
				0693F7FE6BEA9E62D97409AE /* PlaybackControls.swift */,
				F28175C042DD1D016C5C2CE7 /* SourceManagerView.swift */,
				DDE9CEF30348488144729117 /* TrackRowView.swift */,
			);
			path = Shared;
			sourceTree = "<group>";
		};
		5C329915C32B83AA4A729150 /* Scraper */ = {
			isa = PBXGroup;
			children = (
				BD0E1D5D2EA32AF4BD1FBAB2 /* ChineseConverter.swift */,
				B7A7B8A579D4E2F7B9CA577D /* iTunesCoverScraper.swift */,
				AE49B31D53EEB0C0F526E4A9 /* LRCLIBScraper.swift */,
				6B2D99D064384ABFFF9F22DB /* MetadataEnricher.swift */,
				98F3923ABD38F427EF37E24F /* NetEaseScraper.swift */,
				D74106F40A6614825F36676C /* QQMusicScraper.swift */,
				3B65BE8E1205E114ED9AC05A /* SmartTitleParser.swift */,
			);
			path = Scraper;
			sourceTree = "<group>";
		};
		5CC645E36CB9E0080158DF9E /* Widgets */ = {
			isa = PBXGroup;
			children = (
				B84D134247DEAEE01169B50D /* TingyuWidget.swift */,
			);
			path = Widgets;
			sourceTree = "<group>";
		};
		613F5F70CE3A14EF55122224 /* WebDAV */ = {
			isa = PBXGroup;
			children = (
				0AA2AE9D98E2124CD00143B9 /* WebDAVClient.swift */,
				729EDA727D7F90685BD0FB2B /* WebDAVXMLParser.swift */,
			);
			path = WebDAV;
			sourceTree = "<group>";
		};
		66F27D4DFF9CE399037FEB36 /* iOS */ = {
			isa = PBXGroup;
			children = (
				C2233F18CC92165BB40159B5 /* IOSContentView.swift */,
				10DC0601B7129C34331E7789 /* IOSMiniPlayer.swift */,
				291C399712865B35E1FC383B /* IOSNowPlayingSheet.swift */,
			);
			path = iOS;
			sourceTree = "<group>";
		};
		6B5F353592E2295829C46761 /* Intents */ = {
			isa = PBXGroup;
			children = (
				62FEA1D8A9D46E0C9A3B0799 /* TingyuIntents.swift */,
			);
			path = Intents;
			sourceTree = "<group>";
		};
		9F9A97063824542CD813BCF9 /* Library */ = {
			isa = PBXGroup;
			children = (
				A849E3BD00DF58D87CA96A35 /* LegacyCacheMigrator.swift */,
				F2BDD27522D56162D1F3A43C /* LocalLibraryScanner.swift */,
			);
			path = Library;
			sourceTree = "<group>";
		};
		AAD685C5E3E30B851EAF5513 /* Resources */ = {
			isa = PBXGroup;
			children = (
				17201DADAC858585E0C06B23 /* Assets.xcassets */,
				C4891BA4A48D054B272FC338 /* Info-iOS.plist */,
				D649BDE7D38A6474DDDED9F6 /* Info-macOS.plist */,
				3B612441236E138249AB98F1 /* Tingyu-iOS.entitlements */,
				1E2C89D68D9225014821F30E /* Tingyu-macOS.entitlements */,
			);
			path = Resources;
			sourceTree = "<group>";
		};
		B24E021841DF15EE196BC641 /* Sources */ = {
			isa = PBXGroup;
			children = (
				D5E2BC4BEE08F7FA28A2C99B /* App */,
				102AEE84892C162C436D9A5E /* Models */,
				AAD685C5E3E30B851EAF5513 /* Resources */,
				C9545C87341DCE6365916993 /* Services */,
				D246899DEEC3E0EECACA7C09 /* UI */,
			);
			path = Sources;
			sourceTree = "<group>";
		};
		B6A96E203417F1657279987D /* Quark */ = {
			isa = PBXGroup;
			children = (
				A6A6B81878D6E6B5BC9064FA /* QuarkCookieStore.swift */,
				547697EDE854F971C2CE282E /* QuarkDriveClient.swift */,
			);
			path = Quark;
			sourceTree = "<group>";
		};
		BBFB93793B3D785C72367BCD /* Audio */ = {
			isa = PBXGroup;
			children = (
				A9C9AA34B202F3646789E58F /* AudioPlayerService.swift */,
				CB57B2554E3D5DB8C4C05F2E /* LocalAudioResourceLoader.swift */,
				D0362E6C9AA30B750805631E /* NowPlayingManager.swift */,
				952E6CC48BF90A2F26651703 /* SharedPlaybackState.swift */,
				C7845E18698C08AA9F17E88C /* StreamingResourceLoader.swift */,
			);
			path = Audio;
			sourceTree = "<group>";
		};
		C61FF591356CF250653F1FE7 /* AI */ = {
			isa = PBXGroup;
			children = (
				807601AE83A6C418ACCFC34F /* AIMetadataParser.swift */,
				CA1EB879B24E7FC805C81403 /* AIService.swift */,
			);
			path = AI;
			sourceTree = "<group>";
		};
		C9545C87341DCE6365916993 /* Services */ = {
			isa = PBXGroup;
			children = (
				C61FF591356CF250653F1FE7 /* AI */,
				BBFB93793B3D785C72367BCD /* Audio */,
				CC5D056113A8B6DF382DFDF0 /* Cloud */,
				6B5F353592E2295829C46761 /* Intents */,
				9F9A97063824542CD813BCF9 /* Library */,
				B6A96E203417F1657279987D /* Quark */,
				5C329915C32B83AA4A729150 /* Scraper */,
				306ED6EC7E841EBC1D0EAAC6 /* Security */,
				613F5F70CE3A14EF55122224 /* WebDAV */,
			);
			path = Services;
			sourceTree = "<group>";
		};
		CC5D056113A8B6DF382DFDF0 /* Cloud */ = {
			isa = PBXGroup;
			children = (
				9CFE3F1F5822FA2E71D9325E /* CloudSyncManager.swift */,
			);
			path = Cloud;
			sourceTree = "<group>";
		};
		D246899DEEC3E0EECACA7C09 /* UI */ = {
			isa = PBXGroup;
			children = (
				66F27D4DFF9CE399037FEB36 /* iOS */,
				17A6994FA0C61E3B4E13F75C /* macOS */,
				59D0D2E92A59E271B46E22FE /* Shared */,
				5CC645E36CB9E0080158DF9E /* Widgets */,
			);
			path = UI;
			sourceTree = "<group>";
		};
		D5E2BC4BEE08F7FA28A2C99B /* App */ = {
			isa = PBXGroup;
			children = (
				F17ABD7D0B1E00371B83AF19 /* TingyuApp.swift */,
			);
			path = App;
			sourceTree = "<group>";
		};
/* End PBXGroup section */

/* Begin PBXNativeTarget section */
		24509855954A99B7FDA9D018 /* Tingyu-macOS */ = {
			isa = PBXNativeTarget;
			buildConfigurationList = CB90051F8A391E3619E60516 /* Build configuration list for PBXNativeTarget "Tingyu-macOS" */;
			buildPhases = (
				2FC3874D0252FA04F4684E9E /* Sources */,
				60E1B0088F12EFC9EFF54C2F /* Resources */,
			);
			buildRules = (
			);
			dependencies = (
			);
			name = "Tingyu-macOS";
			packageProductDependencies = (
			);
			productName = "Tingyu-macOS";
			productReference = 090D151823704ED19E6C1E3C /* Tingyu-macOS.app */;
			productType = "com.apple.product-type.application";
		};
		CB417DFB1566A1FD2EF0538D /* Tingyu-iOS */ = {
			isa = PBXNativeTarget;
			buildConfigurationList = D428D21050C0D7AADCEA9EE4 /* Build configuration list for PBXNativeTarget "Tingyu-iOS" */;
			buildPhases = (
				1BCFF9018F3DA26893B90C98 /* Sources */,
				75A1595340A4AD7D7F0D3529 /* Resources */,
			);
			buildRules = (
			);
			dependencies = (
			);
			name = "Tingyu-iOS";
			packageProductDependencies = (
			);
			productName = "Tingyu-iOS";
			productReference = CC40680A0760214B03BFDCFE /* Tingyu-iOS.app */;
			productType = "com.apple.product-type.application";
		};
/* End PBXNativeTarget section */

/* Begin PBXProject section */
		082FD4E3F489F2685F6C102C /* Project object */ = {
			isa = PBXProject;
			attributes = {
				BuildIndependentTargetsInParallel = YES;
				LastUpgradeCheck = 1430;
				TargetAttributes = {
				};
			};
			buildConfigurationList = 5F5F3690C8B476FB5F2F1082 /* Build configuration list for PBXProject "Tingyu" */;
			developmentRegion = en;
			hasScannedForEncodings = 0;
			knownRegions = (
				Base,
				en,
			);
			mainGroup = 3FD2E43604A8A9BDFAD0D182;
			minimizedProjectReferenceProxies = 1;
			preferredProjectObjectVersion = 77;
			productRefGroup = 0A919989EB0F4B70B7DDC5B5 /* Products */;
			projectDirPath = "";
			projectRoot = "";
			targets = (
				24509855954A99B7FDA9D018 /* Tingyu-macOS */,
				CB417DFB1566A1FD2EF0538D /* Tingyu-iOS */,
			);
		};
/* End PBXProject section */

/* Begin PBXResourcesBuildPhase section */
		60E1B0088F12EFC9EFF54C2F /* Resources */ = {
			isa = PBXResourcesBuildPhase;
			buildActionMask = 2147483647;
			files = (
				D8E20A06C01E870DE164D37E /* Assets.xcassets in Resources */,
				80F4154EEE571BA610FABDA1 /* Info-iOS.plist in Resources */,
			);
			runOnlyForDeploymentPostprocessing = 0;
		};
		75A1595340A4AD7D7F0D3529 /* Resources */ = {
			isa = PBXResourcesBuildPhase;
			buildActionMask = 2147483647;
			files = (
				5A8AC5000EC1D517B8717EF0 /* Assets.xcassets in Resources */,
				32CA3E592CA2F6B75D1EA4D4 /* Info-macOS.plist in Resources */,
			);
			runOnlyForDeploymentPostprocessing = 0;
		};
/* End PBXResourcesBuildPhase section */

/* Begin PBXSourcesBuildPhase section */
		1BCFF9018F3DA26893B90C98 /* Sources */ = {
			isa = PBXSourcesBuildPhase;
			buildActionMask = 2147483647;
			files = (
				CCD0800678CB7E7BBD912B6E /* AIMetadataParser.swift in Sources */,
				A03BEB8CFB7079E7785EA92F /* AIService.swift in Sources */,
				ADF6B683F1DFFDA5422B9AD0 /* AISettingsView.swift in Sources */,
				521C92A4DE7B5C608278D413 /* AddQuarkSheet.swift in Sources */,
				F486206245BABFA26B1F3FD1 /* AnimatedLyricsView.swift in Sources */,
				83B8223C29139815BF07DA8F /* AudioPlayerService.swift in Sources */,
				C52D64C33FA52A9EED582035 /* ChineseConverter.swift in Sources */,
				EEB8431189F9892F80C347F0 /* CloudSyncManager.swift in Sources */,
				970E0FA379C94B313BF6621E /* CoverArtView.swift in Sources */,
				EBDDFC6677359DB20BF4F7B9 /* FluidBackgroundView.swift in Sources */,
				1C16A04E65E1F9CD734BC562 /* IOSContentView.swift in Sources */,
				2DC599B97FBCBE148FD5B101 /* IOSMiniPlayer.swift in Sources */,
				8010D20C90F185D3B717A668 /* IOSNowPlayingSheet.swift in Sources */,
				4EF212188CF69EFA96C8A6E1 /* KeychainService.swift in Sources */,
				B570F103C656F37E75206165 /* LRCLIBScraper.swift in Sources */,
				C720CC6E5A7D2ACCC57A7729 /* LegacyCacheMigrator.swift in Sources */,
				90ED0B10C2F2E655D7948EE7 /* LocalAudioResourceLoader.swift in Sources */,
				A2A7AD4B35B3395E0F9AAC71 /* LocalLibraryScanner.swift in Sources */,
				8816306788973BD4AE2BE5A3 /* LyricLine.swift in Sources */,
				720E94DE2676465CBBC50158 /* MacOSContentView.swift in Sources */,
				3B924C3E94F8E81E55E7E2C5 /* MacOSMenuBarExtra.swift in Sources */,
				8A041DC7A3A69D6F38090730 /* MacOSPlayerBar.swift in Sources */,
				9B8AFB27B33F3F8D718A35CE /* ManualMatchSheet.swift in Sources */,
				9B4CE2D054E43A5BB4AD4CA0 /* MetadataEnricher.swift in Sources */,
				B1D16125A93EFCB847F24022 /* MusicSource.swift in Sources */,
				9882D8589AB3B359A4AE0ECF /* NetEaseScraper.swift in Sources */,
				2F6636192143249321354736 /* NowPlayingManager.swift in Sources */,
				BE612508BE58BC4CD500E457 /* PlaybackControls.swift in Sources */,
				A89EE582A54DA8B08BFC17EA /* Playlist.swift in Sources */,
				8243F1E1D95D7779399A4516 /* QQMusicScraper.swift in Sources */,
				A3D97C75A48488C57B10A723 /* QuarkCookieStore.swift in Sources */,
				87BEF3E7B0A6BCE723547086 /* QuarkDriveClient.swift in Sources */,
				0704C81B1A11F4025B7C4A5B /* SharedPlaybackState.swift in Sources */,
				F21CB7C3D079718794B1F2C6 /* SmartTitleParser.swift in Sources */,
				0E7784D54A2075840C319084 /* SourceManagerView.swift in Sources */,
				F6EF2DCA822D29449A07A029 /* StreamingResourceLoader.swift in Sources */,
				C2A58E0C920B0ABACF29BBA7 /* TingyuApp.swift in Sources */,
				80C38C6860C0560C327B89E4 /* TingyuIntents.swift in Sources */,
				D20A32F04F19234CCAE51CD4 /* TingyuWidget.swift in Sources */,
				3E85C71133E64686C3088B5A /* Track.swift in Sources */,
				457CEFB7C5CD949BEC0C117B /* TrackRowView.swift in Sources */,
				9AE3B7AFE9EA95C49A3EE6E8 /* WebDAVClient.swift in Sources */,
				26A0535FFCA6CE6E9E91DFC6 /* WebDAVXMLParser.swift in Sources */,
				739E5F55B9535757F6AA4B03 /* iTunesCoverScraper.swift in Sources */,
			);
			runOnlyForDeploymentPostprocessing = 0;
		};
		2FC3874D0252FA04F4684E9E /* Sources */ = {
			isa = PBXSourcesBuildPhase;
			buildActionMask = 2147483647;
			files = (
				1664360AA7D647DB3F675F22 /* AIMetadataParser.swift in Sources */,
				B36483BD84FC17DDACD4C683 /* AIService.swift in Sources */,
				195C5C5207794484FEE2FAE9 /* AISettingsView.swift in Sources */,
				02B9CD9C1DF3B6BA973A9990 /* AddQuarkSheet.swift in Sources */,
				36135229A7927BCB764BCE31 /* AnimatedLyricsView.swift in Sources */,
				C260312516B48CBF81F6E556 /* AudioPlayerService.swift in Sources */,
				9086F9DEF1A3F7563DF1B12F /* ChineseConverter.swift in Sources */,
				FC52AE3F118F663B5CD5B9A7 /* CloudSyncManager.swift in Sources */,
				16FCEAAD8BBEB96E13658A7E /* CoverArtView.swift in Sources */,
				67024DEF86EA0BDF956511FC /* FluidBackgroundView.swift in Sources */,
				BE2FE866A074FD37D895C5F6 /* IOSContentView.swift in Sources */,
				0A09F5428D721E41A8BE4D56 /* IOSMiniPlayer.swift in Sources */,
				579E94E3B67A48FB5C05EFAE /* IOSNowPlayingSheet.swift in Sources */,
				797C100003D567724F3F957A /* KeychainService.swift in Sources */,
				6D4A1FA563DA399F4166D90A /* LRCLIBScraper.swift in Sources */,
				3922BA6519703D813AAE9830 /* LegacyCacheMigrator.swift in Sources */,
				49AF0C2D0B146F14EA387A31 /* LocalAudioResourceLoader.swift in Sources */,
				836BF3383FB48B04496F16CE /* LocalLibraryScanner.swift in Sources */,
				0794204ACB859E1C4B60E78C /* LyricLine.swift in Sources */,
				98082C510C2CD81E27FB7C26 /* MacOSContentView.swift in Sources */,
				50CBF30DE8D0D2A24E0AB4C7 /* MacOSMenuBarExtra.swift in Sources */,
				ED52184AFB6DC4221EF1F280 /* MacOSPlayerBar.swift in Sources */,
				52B9A7EF5C68DDD5E5341BF4 /* ManualMatchSheet.swift in Sources */,
				65E691D653B7EF3DED95559F /* MetadataEnricher.swift in Sources */,
				F645CDA069C363BC194C9C9C /* MusicSource.swift in Sources */,
				472900C5A684888C2C00A922 /* NetEaseScraper.swift in Sources */,
				8B68F08BB76BB397126D5AED /* NowPlayingManager.swift in Sources */,
				E0F666BD9DF420215813B579 /* PlaybackControls.swift in Sources */,
				D2EF4DCB654B6410C4716CCF /* Playlist.swift in Sources */,
				50F22AA48E0B1329DBF15ED8 /* QQMusicScraper.swift in Sources */,
				F23BA7FE517CBA93CE29EBA1 /* QuarkCookieStore.swift in Sources */,
				3D0733C95CF7B71D680D28AC /* QuarkDriveClient.swift in Sources */,
				8F4032AFAAAAC167B64F8FFC /* SharedPlaybackState.swift in Sources */,
				0BC6F9ED20B7297BB7684350 /* SmartTitleParser.swift in Sources */,
				EBE085FDAB6FA73EE5DD5AD0 /* SourceManagerView.swift in Sources */,
				A709F5BAEF47DCCB41883769 /* StreamingResourceLoader.swift in Sources */,
				F53B00E3AAE2AC733302D0C9 /* TingyuApp.swift in Sources */,
				A0E7581DE2847C1D7BC19308 /* TingyuIntents.swift in Sources */,
				B900C095425DB2C51D74D10A /* TingyuWidget.swift in Sources */,
				FC143454F3712542C2F222BF /* Track.swift in Sources */,
				5B750083C5CAB0F2C4DACF57 /* TrackRowView.swift in Sources */,
				3A1D51F9C1CD0326073FCD6D /* WebDAVClient.swift in Sources */,
				67C6995B908BE9AB45B04B5A /* WebDAVXMLParser.swift in Sources */,
				277DEECD6C57862053B3CC78 /* iTunesCoverScraper.swift in Sources */,
			);
			runOnlyForDeploymentPostprocessing = 0;
		};
/* End PBXSourcesBuildPhase section */

/* Begin XCBuildConfiguration section */
		13C630312BAEE203BF2AE686 /* Debug */ = {
			isa = XCBuildConfiguration;
			buildSettings = {
				ALWAYS_SEARCH_USER_PATHS = NO;
				CLANG_ANALYZER_NONNULL = YES;
				CLANG_ANALYZER_NUMBER_OBJECT_CONVERSION = YES_AGGRESSIVE;
				CLANG_CXX_LANGUAGE_STANDARD = "gnu++14";
				CLANG_CXX_LIBRARY = "libc++";
				CLANG_ENABLE_MODULES = YES;
				CLANG_ENABLE_OBJC_ARC = YES;
				CLANG_ENABLE_OBJC_WEAK = YES;
				CLANG_WARN_BLOCK_CAPTURE_AUTORELEASING = YES;
				CLANG_WARN_BOOL_CONVERSION = YES;
				CLANG_WARN_COMMA = YES;
				CLANG_WARN_CONSTANT_CONVERSION = YES;
				CLANG_WARN_DEPRECATED_OBJC_IMPLEMENTATIONS = YES;
				CLANG_WARN_DIRECT_OBJC_ISA_USAGE = YES_ERROR;
				CLANG_WARN_DOCUMENTATION_COMMENTS = YES;
				CLANG_WARN_EMPTY_BODY = YES;
				CLANG_WARN_ENUM_CONVERSION = YES;
				CLANG_WARN_INFINITE_RECURSION = YES;
				CLANG_WARN_INT_CONVERSION = YES;
				CLANG_WARN_NON_LITERAL_NULL_CONVERSION = YES;
				CLANG_WARN_OBJC_IMPLICIT_RETAIN_SELF = YES;
				CLANG_WARN_OBJC_LITERAL_CONVERSION = YES;
				CLANG_WARN_OBJC_ROOT_CLASS = YES_ERROR;
				CLANG_WARN_QUOTED_INCLUDE_IN_FRAMEWORK_HEADER = YES;
				CLANG_WARN_RANGE_LOOP_ANALYSIS = YES;
				CLANG_WARN_STRICT_PROTOTYPES = YES;
				CLANG_WARN_SUSPICIOUS_MOVE = YES;
				CLANG_WARN_UNGUARDED_AVAILABILITY = YES_AGGRESSIVE;
				CLANG_WARN_UNREACHABLE_CODE = YES;
				CLANG_WARN__DUPLICATE_METHOD_MATCH = YES;
				COPY_PHASE_STRIP = NO;
				DEBUG_INFORMATION_FORMAT = dwarf;
				ENABLE_STRICT_OBJC_MSGSEND = YES;
				ENABLE_TESTABILITY = YES;
				ENABLE_USER_SCRIPT_SANDBOXING = YES;
				GCC_C_LANGUAGE_STANDARD = gnu11;
				GCC_DYNAMIC_NO_PIC = NO;
				GCC_NO_COMMON_BLOCKS = YES;
				GCC_OPTIMIZATION_LEVEL = 0;
				GCC_PREPROCESSOR_DEFINITIONS = (
					"$(inherited)",
					"DEBUG=1",
				);
				GCC_WARN_64_TO_32_BIT_CONVERSION = YES;
				GCC_WARN_ABOUT_RETURN_TYPE = YES_ERROR;
				GCC_WARN_UNDECLARED_SELECTOR = YES;
				GCC_WARN_UNINITIALIZED_AUTOS = YES_AGGRESSIVE;
				GCC_WARN_UNUSED_FUNCTION = YES;
				GCC_WARN_UNUSED_VARIABLE = YES;
				IPHONEOS_DEPLOYMENT_TARGET = 18.0;
				MACOSX_DEPLOYMENT_TARGET = 15.0;
				MTL_ENABLE_DEBUG_INFO = INCLUDE_SOURCE;
				MTL_FAST_MATH = YES;
				ONLY_ACTIVE_ARCH = YES;
				PRODUCT_NAME = "听屿";
				SWIFT_ACTIVE_COMPILATION_CONDITIONS = DEBUG;
				SWIFT_OPTIMIZATION_LEVEL = "-Onone";
				SWIFT_VERSION = 6.0;
			};
			name = Debug;
		};
		32C9A544B6E88A6343D3A5B7 /* Debug */ = {
			isa = XCBuildConfiguration;
			buildSettings = {
				ASSETCATALOG_COMPILER_APPICON_NAME = AppIcon;
				CODE_SIGN_ENTITLEMENTS = "Sources/Resources/Tingyu-iOS.entitlements";
				CODE_SIGN_IDENTITY = "iPhone Developer";
				GENERATE_INFOPLIST_FILE = NO;
				INFOPLIST_FILE = "Sources/Resources/Info-iOS.plist";
				IPHONEOS_DEPLOYMENT_TARGET = 18.0;
				LD_RUNPATH_SEARCH_PATHS = (
					"$(inherited)",
					"@executable_path/Frameworks",
				);
				PRODUCT_BUNDLE_IDENTIFIER = com.halunhaku.tingyu.ios;
				SDKROOT = iphoneos;
				TARGETED_DEVICE_FAMILY = "1,2";
			};
			name = Debug;
		};
		55FB0B484F226CED190F53AE /* Release */ = {
			isa = XCBuildConfiguration;
			buildSettings = {
				ASSETCATALOG_COMPILER_APPICON_NAME = AppIcon;
				CODE_SIGN_ENTITLEMENTS = "Sources/Resources/Tingyu-macOS.entitlements";
				COMBINE_HIDPI_IMAGES = YES;
				GENERATE_INFOPLIST_FILE = NO;
				INFOPLIST_FILE = "Sources/Resources/Info-macOS.plist";
				LD_RUNPATH_SEARCH_PATHS = (
					"$(inherited)",
					"@executable_path/../Frameworks",
				);
				MACOSX_DEPLOYMENT_TARGET = 15.0;
				PRODUCT_BUNDLE_IDENTIFIER = com.halunhaku.tingyu;
				SDKROOT = macosx;
			};
			name = Release;
		};
		5B781BA3FEF1771E7E6C7A06 /* Release */ = {
			isa = XCBuildConfiguration;
			buildSettings = {
				ASSETCATALOG_COMPILER_APPICON_NAME = AppIcon;
				CODE_SIGN_ENTITLEMENTS = "Sources/Resources/Tingyu-iOS.entitlements";
				CODE_SIGN_IDENTITY = "iPhone Developer";
				GENERATE_INFOPLIST_FILE = NO;
				INFOPLIST_FILE = "Sources/Resources/Info-iOS.plist";
				IPHONEOS_DEPLOYMENT_TARGET = 18.0;
				LD_RUNPATH_SEARCH_PATHS = (
					"$(inherited)",
					"@executable_path/Frameworks",
				);
				PRODUCT_BUNDLE_IDENTIFIER = com.halunhaku.tingyu.ios;
				SDKROOT = iphoneos;
				TARGETED_DEVICE_FAMILY = "1,2";
			};
			name = Release;
		};
		7915FF0D70F1A21133A0E3D2 /* Debug */ = {
			isa = XCBuildConfiguration;
			buildSettings = {
				ASSETCATALOG_COMPILER_APPICON_NAME = AppIcon;
				CODE_SIGN_ENTITLEMENTS = "Sources/Resources/Tingyu-macOS.entitlements";
				COMBINE_HIDPI_IMAGES = YES;
				GENERATE_INFOPLIST_FILE = NO;
				INFOPLIST_FILE = "Sources/Resources/Info-macOS.plist";
				LD_RUNPATH_SEARCH_PATHS = (
					"$(inherited)",
					"@executable_path/../Frameworks",
				);
				MACOSX_DEPLOYMENT_TARGET = 15.0;
				PRODUCT_BUNDLE_IDENTIFIER = com.halunhaku.tingyu;
				SDKROOT = macosx;
			};
			name = Debug;
		};
		D5F628AB08106F79AA9BF924 /* Release */ = {
			isa = XCBuildConfiguration;
			buildSettings = {
				ALWAYS_SEARCH_USER_PATHS = NO;
				CLANG_ANALYZER_NONNULL = YES;
				CLANG_ANALYZER_NUMBER_OBJECT_CONVERSION = YES_AGGRESSIVE;
				CLANG_CXX_LANGUAGE_STANDARD = "gnu++14";
				CLANG_CXX_LIBRARY = "libc++";
				CLANG_ENABLE_MODULES = YES;
				CLANG_ENABLE_OBJC_ARC = YES;
				CLANG_ENABLE_OBJC_WEAK = YES;
				CLANG_WARN_BLOCK_CAPTURE_AUTORELEASING = YES;
				CLANG_WARN_BOOL_CONVERSION = YES;
				CLANG_WARN_COMMA = YES;
				CLANG_WARN_CONSTANT_CONVERSION = YES;
				CLANG_WARN_DEPRECATED_OBJC_IMPLEMENTATIONS = YES;
				CLANG_WARN_DIRECT_OBJC_ISA_USAGE = YES_ERROR;
				CLANG_WARN_DOCUMENTATION_COMMENTS = YES;
				CLANG_WARN_EMPTY_BODY = YES;
				CLANG_WARN_ENUM_CONVERSION = YES;
				CLANG_WARN_INFINITE_RECURSION = YES;
				CLANG_WARN_INT_CONVERSION = YES;
				CLANG_WARN_NON_LITERAL_NULL_CONVERSION = YES;
				CLANG_WARN_OBJC_IMPLICIT_RETAIN_SELF = YES;
				CLANG_WARN_OBJC_LITERAL_CONVERSION = YES;
				CLANG_WARN_OBJC_ROOT_CLASS = YES_ERROR;
				CLANG_WARN_QUOTED_INCLUDE_IN_FRAMEWORK_HEADER = YES;
				CLANG_WARN_RANGE_LOOP_ANALYSIS = YES;
				CLANG_WARN_STRICT_PROTOTYPES = YES;
				CLANG_WARN_SUSPICIOUS_MOVE = YES;
				CLANG_WARN_UNGUARDED_AVAILABILITY = YES_AGGRESSIVE;
				CLANG_WARN_UNREACHABLE_CODE = YES;
				CLANG_WARN__DUPLICATE_METHOD_MATCH = YES;
				COPY_PHASE_STRIP = NO;
				DEBUG_INFORMATION_FORMAT = "dwarf-with-dsym";
				ENABLE_NS_ASSERTIONS = NO;
				ENABLE_STRICT_OBJC_MSGSEND = YES;
				ENABLE_USER_SCRIPT_SANDBOXING = YES;
				GCC_C_LANGUAGE_STANDARD = gnu11;
				GCC_NO_COMMON_BLOCKS = YES;
				GCC_WARN_64_TO_32_BIT_CONVERSION = YES;
				GCC_WARN_ABOUT_RETURN_TYPE = YES_ERROR;
				GCC_WARN_UNDECLARED_SELECTOR = YES;
				GCC_WARN_UNINITIALIZED_AUTOS = YES_AGGRESSIVE;
				GCC_WARN_UNUSED_FUNCTION = YES;
				GCC_WARN_UNUSED_VARIABLE = YES;
				IPHONEOS_DEPLOYMENT_TARGET = 18.0;
				MACOSX_DEPLOYMENT_TARGET = 15.0;
				MTL_ENABLE_DEBUG_INFO = NO;
				MTL_FAST_MATH = YES;
				PRODUCT_NAME = "听屿";
				SWIFT_COMPILATION_MODE = wholemodule;
				SWIFT_OPTIMIZATION_LEVEL = "-O";
				SWIFT_VERSION = 6.0;
			};
			name = Release;
		};
/* End XCBuildConfiguration section */

/* Begin XCConfigurationList section */
		5F5F3690C8B476FB5F2F1082 /* Build configuration list for PBXProject "Tingyu" */ = {
			isa = XCConfigurationList;
			buildConfigurations = (
				13C630312BAEE203BF2AE686 /* Debug */,
				D5F628AB08106F79AA9BF924 /* Release */,
			);
			defaultConfigurationIsVisible = 0;
			defaultConfigurationName = Debug;
		};
		CB90051F8A391E3619E60516 /* Build configuration list for PBXNativeTarget "Tingyu-macOS" */ = {
			isa = XCConfigurationList;
			buildConfigurations = (
				7915FF0D70F1A21133A0E3D2 /* Debug */,
				55FB0B484F226CED190F53AE /* Release */,
			);
			defaultConfigurationIsVisible = 0;
			defaultConfigurationName = Debug;
		};
		D428D21050C0D7AADCEA9EE4 /* Build configuration list for PBXNativeTarget "Tingyu-iOS" */ = {
			isa = XCConfigurationList;
			buildConfigurations = (
				32C9A544B6E88A6343D3A5B7 /* Debug */,
				5B781BA3FEF1771E7E6C7A06 /* Release */,
			);
			defaultConfigurationIsVisible = 0;
			defaultConfigurationName = Debug;
		};
/* End XCConfigurationList section */
	};
	rootObject = 082FD4E3F489F2685F6C102C /* Project object */;
}
